{
  "name": "cordova-plugin-brother-label-printer",
  "version": "1.9.0",
  "lockfileVersion": 3,
  "requires": true,
  "packages": {
    "": {
      "name": "cordova-plugin-brother-label-printer",
      "version": "1.9.0",
      "license": "ISC",
      "engines": {
        "android-sdk": ">=26",
        "apple-ios": ">=10.0.0",
        "cordova": ">=3.6.0",
        "cordova-android": ">=6.0.0"
      }
    }
  }
}
